
Microsoft Visual Studio Solution File, Format Version 12.00
# Visual Studio 2013
VisualStudioVersion = 12.0.30501.0
MinimumVisualStudioVersion = 10.0.40219.1
Project("{8BC9CEB8-8B4A-11D0-8D11-00A0C91BC942}") = "Classes Example I", "Classes Example I\Classes Example I.vcxproj", "{7B143034-2F62-4AF7-8458-E2D101E3F143}"
EndProject
Global
	GlobalSection(SolutionConfigurationPlatforms) = preSolution
		Debug|Win32 = Debug|Win32
		Release|Win32 = Release|Win32
	EndGlobalSection
	GlobalSection(ProjectConfigurationPlatforms) = postSolution
		{7B143034-2F62-4AF7-8458-E2D101E3F143}.Debug|Win32.ActiveCfg = Debug|Win32
		{7B143034-2F62-4AF7-8458-E2D101E3F143}.Debug|Win32.Build.0 = Debug|Win32
		{7B143034-2F62-4AF7-8458-E2D101E3F143}.Release|Win32.ActiveCfg = Release|Win32
		{7B143034-2F62-4AF7-8458-E2D101E3F143}.Release|Win32.Build.0 = Release|Win32
	EndGlobalSection
	GlobalSection(SolutionProperties) = preSolution
		HideSolutionNode = FALSE
	EndGlobalSection
EndGlobal
